// !$*UTF8*$!
{
	archiveVersion = 1;
	classes = {
	};
	objectVersion = 77;
	objects = {

/* Begin PBXContainerItemProxy section */
		04F5D0C22D1149FC002182AD /* PBXContainerItemProxy */ = {
			isa = PBXContainerItemProxy;
			containerPortal = 04F5D0A92D1149FA002182AD /* Project object */;
			proxyType = 1;
			remoteGlobalIDString = 04F5D0B02D1149FA002182AD;
			remoteInfo = CustomRow;
		};
		04F5D0CC2D1149FC002182AD /* PBXContainerItemProxy */ = {
			isa = PBXContainerItemProxy;
			containerPortal = 04F5D0A92D1149FA002182AD /* Project object */;
			proxyType = 1;
			remoteGlobalIDString = 04F5D0B02D1149FA002182AD;
			remoteInfo = CustomRow;
		};
/* End PBXContainerItemProxy section */

/* Begin PBXFileReference section */
		04F5D0B12D1149FA002182AD /* CustomRow.app */ = {isa = PBXFileReference; explicitFileType = wrapper.application; includeInIndex = 0; path = CustomRow.app; sourceTree = BUILT_PRODUCTS_DIR; };
		04F5D0C12D1149FC002182AD /* CustomRowTests.xctest */ = {isa = PBXFileReference; explicitFileType = wrapper.cfbundle; includeInIndex = 0; path = CustomRowTests.xctest; sourceTree = BUILT_PRODUCTS_DIR; };
		04F5D0CB2D1149FC002182AD /* CustomRowUITests.xctest */ = {isa = PBXFileReference; explicitFileType = wrapper.cfbundle; includeInIndex = 0; path = CustomRowUITests.xctest; sourceTree = BUILT_PRODUCTS_DIR; };
/* End PBXFileReference section */

/* Begin PBXFileSystemSynchronizedRootGroup section */
		04F5D0B32D1149FA002182AD /* CustomRow */ = {
			isa = PBXFileSystemSynchronizedRootGroup;
			path = CustomRow;
			sourceTree = "<group>";
		};
		04F5D0C42D1149FC002182AD /* CustomRowTests */ = {
			isa = PBXFileSystemSynchronizedRootGroup;
			path = CustomRowTests;
			sourceTree = "<group>";
		};
		04F5D0CE2D1149FC002182AD /* CustomRowUITests */ = {
			isa = PBXFileSystemSynchronizedRootGroup;
			path = CustomRowUITests;
			sourceTree = "<group>";
		};
/* End PBXFileSystemSynchronizedRootGroup section */

/* Begin PBXFrameworksBuildPhase section */
		04F5D0AE2D1149FA002182AD /* Frameworks */ = {
			isa = PBXFrameworksBuildPhase;
			buildActionMask = 2147483647;
			files = (
			);
			runOnlyForDeploymentPostprocessing = 0;
		};
		04F5D0BE2D1149FC002182AD /* Frameworks */ = {
			isa = PBXFrameworksBuildPhase;
			buildActionMask = 2147483647;
			files = (
			);
			runOnlyForDeploymentPostprocessing = 0;
		};
		04F5D0C82D1149FC002182AD /* Frameworks */ = {
			isa = PBXFrameworksBuildPhase;
			buildActionMask = 2147483647;
			files = (
			);
			runOnlyForDeploymentPostprocessing = 0;
		};
/* End PBXFrameworksBuildPhase section */

/* Begin PBXGroup section */
		04F5D0A82D1149FA002182AD = {
			isa = PBXGroup;
			children = (
				04F5D0B32D1149FA002182AD /* CustomRow */,
				04F5D0C42D1149FC002182AD /* CustomRowTests */,
				04F5D0CE2D1149FC002182AD /* CustomRowUITests */,
				04F5D0B22D1149FA002182AD /* Products */,
			);
			sourceTree = "<group>";
		};
		04F5D0B22D1149FA002182AD /* Products */ = {
			isa = PBXGroup;
			children = (
				04F5D0B12D1149FA002182AD /* CustomRow.app */,
				04F5D0C12D1149FC002182AD /* CustomRowTests.xctest */,
				04F5D0CB2D1149FC002182AD /* CustomRowUITests.xctest */,
			);
			name = Products;
			sourceTree = "<group>";
		};
/* End PBXGroup section */

/* Begin PBXNativeTarget section */
		04F5D0B02D1149FA002182AD /* CustomRow */ = {
			isa = PBXNativeTarget;
			buildConfigurationList = 04F5D0D52D1149FC002182AD /* Build configuration list for PBXNativeTarget "CustomRow" */;
			buildPhases = (
				04F5D0AD2D1149FA002182AD /* Sources */,
				04F5D0AE2D1149FA002182AD /* Frameworks */,
				04F5D0AF2D1149FA002182AD /* Resources */,
			);
			buildRules = (
			);
			dependencies = (
			);
			fileSystemSynchronizedGroups = (
				04F5D0B32D1149FA002182AD /* CustomRow */,
			);
			name = CustomRow;
			packageProductDependencies = (
			);
			productName = CustomRow;
			productReference = 04F5D0B12D1149FA002182AD /* CustomRow.app */;
			productType = "com.apple.product-type.application";
		};
		04F5D0C02D1149FC002182AD /* CustomRowTests */ = {
			isa = PBXNativeTarget;
			buildConfigurationList = 04F5D0D82D1149FC002182AD /* Build configuration list for PBXNativeTarget "CustomRowTests" */;
			buildPhases = (
				04F5D0BD2D1149FC002182AD /* Sources */,
				04F5D0BE2D1149FC002182AD /* Frameworks */,
				04F5D0BF2D1149FC002182AD /* Resources */,
			);
			buildRules = (
			);
			dependencies = (
				04F5D0C32D1149FC002182AD /* PBXTargetDependency */,
			);
			fileSystemSynchronizedGroups = (
				04F5D0C42D1149FC002182AD /* CustomRowTests */,
			);
			name = CustomRowTests;
			packageProductDependencies = (
			);
			productName = CustomRowTests;
			productReference = 04F5D0C12D1149FC002182AD /* CustomRowTests.xctest */;
			productType = "com.apple.product-type.bundle.unit-test";
		};
		04F5D0CA2D1149FC002182AD /* CustomRowUITests */ = {
			isa = PBXNativeTarget;
			buildConfigurationList = 04F5D0DB2D1149FC002182AD /* Build configuration list for PBXNativeTarget "CustomRowUITests" */;
			buildPhases = (
				04F5D0C72D1149FC002182AD /* Sources */,
				04F5D0C82D1149FC002182AD /* Frameworks */,
				04F5D0C92D1149FC002182AD /* Resources */,
			);
			buildRules = (
			);
			dependencies = (
				04F5D0CD2D1149FC002182AD /* PBXTargetDependency */,
			);
			fileSystemSynchronizedGroups = (
				04F5D0CE2D1149FC002182AD /* CustomRowUITests */,
			);
			name = CustomRowUITests;
			packageProductDependencies = (
			);
			productName = CustomRowUITests;
			productReference = 04F5D0CB2D1149FC002182AD /* CustomRowUITests.xctest */;
			productType = "com.apple.product-type.bundle.ui-testing";
		};
/* End PBXNativeTarget section */

/* Begin PBXProject section */
		04F5D0A92D1149FA002182AD /* Project object */ = {
			isa = PBXProject;
			attributes = {
				BuildIndependentTargetsInParallel = 1;
				LastSwiftUpdateCheck = 1610;
				LastUpgradeCheck = 1610;
				TargetAttributes = {
					04F5D0B02D1149FA002182AD = {
						CreatedOnToolsVersion = 16.1;
					};
					04F5D0C02D1149FC002182AD = {
						CreatedOnToolsVersion = 16.1;
						TestTargetID = 04F5D0B02D1149FA002182AD;
					};
					04F5D0CA2D1149FC002182AD = {
						CreatedOnToolsVersion = 16.1;
						TestTargetID = 04F5D0B02D1149FA002182AD;
					};
				};
			};
			buildConfigurationList = 04F5D0AC2D1149FA002182AD /* Build configuration list for PBXProject "CustomRow" */;
			developmentRegion = en;
			hasScannedForEncodings = 0;
			knownRegions = (
				en,
				Base,
			);
			mainGroup = 04F5D0A82D1149FA002182AD;
			minimizedProjectReferenceProxies = 1;
			preferredProjectObjectVersion = 77;
			productRefGroup = 04F5D0B22D1149FA002182AD /* Products */;
			projectDirPath = "";
			projectRoot = "";
			targets = (
				04F5D0B02D1149FA002182AD /* CustomRow */,
				04F5D0C02D1149FC002182AD /* CustomRowTests */,
				04F5D0CA2D1149FC002182AD /* CustomRowUITests */,
			);
		};
/* End PBXProject section */

/* Begin PBXResourcesBuildPhase section */
		04F5D0AF2D1149FA002182AD /* Resources */ = {
			isa = PBXResourcesBuildPhase;
			buildActionMask = 2147483647;
			files = (
			);
			runOnlyForDeploymentPostprocessing = 0;
		};
		04F5D0BF2D1149FC002182AD /* Resources */ = {
			isa = PBXResourcesBuildPhase;
			buildActionMask = 2147483647;
			files = (
			);
			runOnlyForDeploymentPostprocessing = 0;
		};
		04F5D0C92D1149FC002182AD /* Resources */ = {
			isa = PBXResourcesBuildPhase;
			buildActionMask = 2147483647;
			files = (
			);
			runOnlyForDeploymentPostprocessing = 0;
		};
/* End PBXResourcesBuildPhase section */

/* Begin PBXSourcesBuildPhase section */
		04F5D0AD2D1149FA002182AD /* Sources */ = {
			isa = PBXSourcesBuildPhase;
			buildActionMask = 2147483647;
			files = (
			);
			runOnlyForDeploymentPostprocessing = 0;
		};
		04F5D0BD2D1149FC002182AD /* Sources */ = {
			isa = PBXSourcesBuildPhase;
			buildActionMask = 2147483647;
			files = (
			);
			runOnlyForDeploymentPostprocessing = 0;
		};
		04F5D0C72D1149FC002182AD /* Sources */ = {
			isa = PBXSourcesBuildPhase;
			buildActionMask = 2147483647;
			files = (
			);
			runOnlyForDeploymentPostprocessing = 0;
		};
/* End PBXSourcesBuildPhase section */

/* Begin PBXTargetDependency section */
		04F5D0C32D1149FC002182AD /* PBXTargetDependency */ = {
			isa = PBXTargetDependency;
			target = 04F5D0B02D1149FA002182AD /* CustomRow */;
			targetProxy = 04F5D0C22D1149FC002182AD /* PBXContainerItemProxy */;
		};
		04F5D0CD2D1149FC002182AD /* PBXTargetDependency */ = {
			isa = PBXTargetDependency;
			target = 04F5D0B02D1149FA002182AD /* CustomRow */;
			targetProxy = 04F5D0CC2D1149FC002182AD /* PBXContainerItemProxy */;
		};
/* End PBXTargetDependency section */

/* Begin XCBuildConfiguration section */
		04F5D0D32D1149FC002182AD /* Debug */ = {
			isa = XCBuildConfiguration;
			buildSettings = {
				ALWAYS_SEARCH_USER_PATHS = NO;
				ASSETCATALOG_COMPILER_GENERATE_SWIFT_ASSET_SYMBOL_EXTENSIONS = YES;
				CLANG_ANALYZER_NONNULL = YES;
				CLANG_ANALYZER_NUMBER_OBJECT_CONVERSION = YES_AGGRESSIVE;
				CLANG_CXX_LANGUAGE_STANDARD = "gnu++20";
				CLANG_ENABLE_MODULES = YES;
				CLANG_ENABLE_OBJC_ARC = YES;
				CLANG_ENABLE_OBJC_WEAK = YES;
				CLANG_WARN_BLOCK_CAPTURE_AUTORELEASING = YES;
				CLANG_WARN_BOOL_CONVERSION = YES;
				CLANG_WARN_COMMA = YES;
				CLANG_WARN_CONSTANT_CONVERSION = YES;
				CLANG_WARN_DEPRECATED_OBJC_IMPLEMENTATIONS = YES;
				CLANG_WARN_DIRECT_OBJC_ISA_USAGE = YES_ERROR;
				CLANG_WARN_DOCUMENTATION_COMMENTS = YES;
				CLANG_WARN_EMPTY_BODY = YES;
				CLANG_WARN_ENUM_CONVERSION = YES;
				CLANG_WARN_INFINITE_RECURSION = YES;
				CLANG_WARN_INT_CONVERSION = YES;
				CLANG_WARN_NON_LITERAL_NULL_CONVERSION = YES;
				CLANG_WARN_OBJC_IMPLICIT_RETAIN_SELF = YES;
				CLANG_WARN_OBJC_LITERAL_CONVERSION = YES;
				CLANG_WARN_OBJC_ROOT_CLASS = YES_ERROR;
				CLANG_WARN_QUOTED_INCLUDE_IN_FRAMEWORK_HEADER = YES;
				CLANG_WARN_RANGE_LOOP_ANALYSIS = YES;
				CLANG_WARN_STRICT_PROTOTYPES = YES;
				CLANG_WARN_SUSPICIOUS_MOVE = YES;
				CLANG_WARN_UNGUARDED_AVAILABILITY = YES_AGGRESSIVE;
				CLANG_WARN_UNREACHABLE_CODE = YES;
				CLANG_WARN__DUPLICATE_METHOD_MATCH = YES;
				COPY_PHASE_STRIP = NO;
				DEBUG_INFORMATION_FORMAT = dwarf;
				ENABLE_STRICT_OBJC_MSGSEND = YES;
				ENABLE_TESTABILITY = YES;
				ENABLE_USER_SCRIPT_SANDBOXING = YES;
				GCC_C_LANGUAGE_STANDARD = gnu17;
				GCC_DYNAMIC_NO_PIC = NO;
				GCC_NO_COMMON_BLOCKS = YES;
				GCC_OPTIMIZATION_LEVEL = 0;
				GCC_PREPROCESSOR_DEFINITIONS = (
					"DEBUG=1",
					"$(inherited)",
				);
				GCC_WARN_64_TO_32_BIT_CONVERSION = YES;
				GCC_WARN_ABOUT_RETURN_TYPE = YES_ERROR;
				GCC_WARN_UNDECLARED_SELECTOR = YES;
				GCC_WARN_UNINITIALIZED_AUTOS = YES_AGGRESSIVE;
				GCC_WARN_UNUSED_FUNCTION = YES;
				GCC_WARN_UNUSED_VARIABLE = YES;
				IPHONEOS_DEPLOYMENT_TARGET = 18.1;
				LOCALIZATION_PREFERS_STRING_CATALOGS = YES;
				MTL_ENABLE_DEBUG_INFO = INCLUDE_SOURCE;
				MTL_FAST_MATH = YES;
				ONLY_ACTIVE_ARCH = YES;
				SDKROOT = iphoneos;
				SWIFT_ACTIVE_COMPILATION_CONDITIONS = "DEBUG $(inherited)";
				SWIFT_OPTIMIZATION_LEVEL = "-Onone";
			};
			name = Debug;
		};
		04F5D0D42D1149FC002182AD /* Release */ = {
			isa = XCBuildConfiguration;
			buildSettings = {
				ALWAYS_SEARCH_USER_PATHS = NO;
				ASSETCATALOG_COMPILER_GENERATE_SWIFT_ASSET_SYMBOL_EXTENSIONS = YES;
				CLANG_ANALYZER_NONNULL = YES;
				CLANG_ANALYZER_NUMBER_OBJECT_CONVERSION = YES_AGGRESSIVE;
				CLANG_CXX_LANGUAGE_STANDARD = "gnu++20";
				CLANG_ENABLE_MODULES = YES;
				CLANG_ENABLE_OBJC_ARC = YES;
				CLANG_ENABLE_OBJC_WEAK = YES;
				CLANG_WARN_BLOCK_CAPTURE_AUTORELEASING = YES;
				CLANG_WARN_BOOL_CONVERSION = YES;
				CLANG_WARN_COMMA = YES;
				CLANG_WARN_CONSTANT_CONVERSION = YES;
				CLANG_WARN_DEPRECATED_OBJC_IMPLEMENTATIONS = YES;
				CLANG_WARN_DIRECT_OBJC_ISA_USAGE = YES_ERROR;
				CLANG_WARN_DOCUMENTATION_COMMENTS = YES;
				CLANG_WARN_EMPTY_BODY = YES;
				CLANG_WARN_ENUM_CONVERSION = YES;
				CLANG_WARN_INFINITE_RECURSION = YES;
				CLANG_WARN_INT_CONVERSION = YES;
				CLANG_WARN_NON_LITERAL_NULL_CONVERSION = YES;
				CLANG_WARN_OBJC_IMPLICIT_RETAIN_SELF = YES;
				CLANG_WARN_OBJC_LITERAL_CONVERSION = YES;
				CLANG_WARN_OBJC_ROOT_CLASS = YES_ERROR;
				CLANG_WARN_QUOTED_INCLUDE_IN_FRAMEWORK_HEADER = YES;
				CLANG_WARN_RANGE_LOOP_ANALYSIS = YES;
				CLANG_WARN_STRICT_PROTOTYPES = YES;
				CLANG_WARN_SUSPICIOUS_MOVE = YES;
				CLANG_WARN_UNGUARDED_AVAILABILITY = YES_AGGRESSIVE;
				CLANG_WARN_UNREACHABLE_CODE = YES;
				CLANG_WARN__DUPLICATE_METHOD_MATCH = YES;
				COPY_PHASE_STRIP = NO;
				DEBUG_INFORMATION_FORMAT = "dwarf-with-dsym";
				ENABLE_NS_ASSERTIONS = NO;
				ENABLE_STRICT_OBJC_MSGSEND = YES;
				ENABLE_USER_SCRIPT_SANDBOXING = YES;
				GCC_C_LANGUAGE_STANDARD = gnu17;
				GCC_NO_COMMON_BLOCKS = YES;
				GCC_WARN_64_TO_32_BIT_CONVERSION = YES;
				GCC_WARN_ABOUT_RETURN_TYPE = YES_ERROR;
				GCC_WARN_UNDECLARED_SELECTOR = YES;
				GCC_WARN_UNINITIALIZED_AUTOS = YES_AGGRESSIVE;
				GCC_WARN_UNUSED_FUNCTION = YES;
				GCC_WARN_UNUSED_VARIABLE = YES;
				IPHONEOS_DEPLOYMENT_TARGET = 18.1;
				LOCALIZATION_PREFERS_STRING_CATALOGS = YES;
				MTL_ENABLE_DEBUG_INFO = NO;
				MTL_FAST_MATH = YES;
				SDKROOT = iphoneos;
				SWIFT_COMPILATION_MODE = wholemodule;
				VALIDATE_PRODUCT = YES;
			};
			name = Release;
		};
		04F5D0D62D1149FC002182AD /* Debug */ = {
			isa = XCBuildConfiguration;
			buildSettings = {
				ASSETCATALOG_COMPILER_APPICON_NAME = AppIcon;
				ASSETCATALOG_COMPILER_GLOBAL_ACCENT_COLOR_NAME = AccentColor;
				CODE_SIGN_STYLE = Automatic;
				CURRENT_PROJECT_VERSION = 1;
				DEVELOPMENT_ASSET_PATHS = "\"CustomRow/Preview Content\"";
				ENABLE_PREVIEWS = YES;
				GENERATE_INFOPLIST_FILE = YES;
				INFOPLIST_KEY_UIApplicationSceneManifest_Generation = YES;
				INFOPLIST_KEY_UIApplicationSupportsIndirectInputEvents = YES;
				INFOPLIST_KEY_UILaunchScreen_Generation = YES;
				INFOPLIST_KEY_UISupportedInterfaceOrientations_iPad = "UIInterfaceOrientationPortrait UIInterfaceOrientationPortraitUpsideDown UIInterfaceOrientationLandscapeLeft UIInterfaceOrientationLandscapeRight";
				INFOPLIST_KEY_UISupportedInterfaceOrientations_iPhone = "UIInterfaceOrientationPortrait UIInterfaceOrientationLandscapeLeft UIInterfaceOrientationLandscapeRight";
				LD_RUNPATH_SEARCH_PATHS = (
					"$(inherited)",
					"@executable_path/Frameworks",
				);
				MARKETING_VERSION = 1.0;
				PRODUCT_BUNDLE_IDENTIFIER = "Test-1.CustomRow";
				PRODUCT_NAME = "$(TARGET_NAME)";
				SWIFT_EMIT_LOC_STRINGS = YES;
				SWIFT_VERSION = 5.0;
				TARGETED_DEVICE_FAMILY = "1,2";
			};
			name = Debug;
		};
		04F5D0D72D1149FC002182AD /* Release */ = {
			isa = XCBuildConfiguration;
			buildSettings = {
				ASSETCATALOG_COMPILER_APPICON_NAME = AppIcon;
				ASSETCATALOG_COMPILER_GLOBAL_ACCENT_COLOR_NAME = AccentColor;
				CODE_SIGN_STYLE = Automatic;
				CURRENT_PROJECT_VERSION = 1;
				DEVELOPMENT_ASSET_PATHS = "\"CustomRow/Preview Content\"";
				ENABLE_PREVIEWS = YES;
				GENERATE_INFOPLIST_FILE = YES;
				INFOPLIST_KEY_UIApplicationSceneManifest_Generation = YES;
				INFOPLIST_KEY_UIApplicationSupportsIndirectInputEvents = YES;
				INFOPLIST_KEY_UILaunchScreen_Generation = YES;
				INFOPLIST_KEY_UISupportedInterfaceOrientations_iPad = "UIInterfaceOrientationPortrait UIInterfaceOrientationPortraitUpsideDown UIInterfaceOrientationLandscapeLeft UIInterfaceOrientationLandscapeRight";
				INFOPLIST_KEY_UISupportedInterfaceOrientations_iPhone = "UIInterfaceOrientationPortrait UIInterfaceOrientationLandscapeLeft UIInterfaceOrientationLandscapeRight";
				LD_RUNPATH_SEARCH_PATHS = (
					"$(inherited)",
					"@executable_path/Frameworks",
				);
				MARKETING_VERSION = 1.0;
				PRODUCT_BUNDLE_IDENTIFIER = "Test-1.CustomRow";
				PRODUCT_NAME = "$(TARGET_NAME)";
				SWIFT_EMIT_LOC_STRINGS = YES;
				SWIFT_VERSION = 5.0;
				TARGETED_DEVICE_FAMILY = "1,2";
			};
			name = Release;
		};
		04F5D0D92D1149FC002182AD /* Debug */ = {
			isa = XCBuildConfiguration;
			buildSettings = {
				BUNDLE_LOADER = "$(TEST_HOST)";
				CODE_SIGN_STYLE = Automatic;
				CURRENT_PROJECT_VERSION = 1;
				GENERATE_INFOPLIST_FILE = YES;
				IPHONEOS_DEPLOYMENT_TARGET = 18.1;
				MARKETING_VERSION = 1.0;
				PRODUCT_BUNDLE_IDENTIFIER = "Test-1.CustomRowTests";
				PRODUCT_NAME = "$(TARGET_NAME)";
				SWIFT_EMIT_LOC_STRINGS = NO;
				SWIFT_VERSION = 5.0;
				TARGETED_DEVICE_FAMILY = "1,2";
				TEST_HOST = "$(BUILT_PRODUCTS_DIR)/CustomRow.app/$(BUNDLE_EXECUTABLE_FOLDER_PATH)/CustomRow";
			};
			name = Debug;
		};
		04F5D0DA2D1149FC002182AD /* Release */ = {
			isa = XCBuildConfiguration;
			buildSettings = {
				BUNDLE_LOADER = "$(TEST_HOST)";
				CODE_SIGN_STYLE = Automatic;
				CURRENT_PROJECT_VERSION = 1;
				GENERATE_INFOPLIST_FILE = YES;
				IPHONEOS_DEPLOYMENT_TARGET = 18.1;
				MARKETING_VERSION = 1.0;
				PRODUCT_BUNDLE_IDENTIFIER = "Test-1.CustomRowTests";
				PRODUCT_NAME = "$(TARGET_NAME)";
				SWIFT_EMIT_LOC_STRINGS = NO;
				SWIFT_VERSION = 5.0;
				TARGETED_DEVICE_FAMILY = "1,2";
				TEST_HOST = "$(BUILT_PRODUCTS_DIR)/CustomRow.app/$(BUNDLE_EXECUTABLE_FOLDER_PATH)/CustomRow";
			};
			name = Release;
		};
		04F5D0DC2D1149FC002182AD /* Debug */ = {
			isa = XCBuildConfiguration;
			buildSettings = {
				CODE_SIGN_STYLE = Automatic;
				CURRENT_PROJECT_VERSION = 1;
				GENERATE_INFOPLIST_FILE = YES;
				MARKETING_VERSION = 1.0;
				PRODUCT_BUNDLE_IDENTIFIER = "Test-1.CustomRowUITests";
				PRODUCT_NAME = "$(TARGET_NAME)";
				SWIFT_EMIT_LOC_STRINGS = NO;
				SWIFT_VERSION = 5.0;
				TARGETED_DEVICE_FAMILY = "1,2";
				TEST_TARGET_NAME = CustomRow;
			};
			name = Debug;
		};
		04F5D0DD2D1149FC002182AD /* Release */ = {
			isa = XCBuildConfiguration;
			buildSettings = {
				CODE_SIGN_STYLE = Automatic;
				CURRENT_PROJECT_VERSION = 1;
				GENERATE_INFOPLIST_FILE = YES;
				MARKETING_VERSION = 1.0;
				PRODUCT_BUNDLE_IDENTIFIER = "Test-1.CustomRowUITests";
				PRODUCT_NAME = "$(TARGET_NAME)";
				SWIFT_EMIT_LOC_STRINGS = NO;
				SWIFT_VERSION = 5.0;
				TARGETED_DEVICE_FAMILY = "1,2";
				TEST_TARGET_NAME = CustomRow;
			};
			name = Release;
		};
/* End XCBuildConfiguration section */

/* Begin XCConfigurationList section */
		04F5D0AC2D1149FA002182AD /* Build configuration list for PBXProject "CustomRow" */ = {
			isa = XCConfigurationList;
			buildConfigurations = (
				04F5D0D32D1149FC002182AD /* Debug */,
				04F5D0D42D1149FC002182AD /* Release */,
			);
			defaultConfigurationIsVisible = 0;
			defaultConfigurationName = Release;
		};
		04F5D0D52D1149FC002182AD /* Build configuration list for PBXNativeTarget "CustomRow" */ = {
			isa = XCConfigurationList;
			buildConfigurations = (
				04F5D0D62D1149FC002182AD /* Debug */,
				04F5D0D72D1149FC002182AD /* Release */,
			);
			defaultConfigurationIsVisible = 0;
			defaultConfigurationName = Release;
		};
		04F5D0D82D1149FC002182AD /* Build configuration list for PBXNativeTarget "CustomRowTests" */ = {
			isa = XCConfigurationList;
			buildConfigurations = (
				04F5D0D92D1149FC002182AD /* Debug */,
				04F5D0DA2D1149FC002182AD /* Release */,
			);
			defaultConfigurationIsVisible = 0;
			defaultConfigurationName = Release;
		};
		04F5D0DB2D1149FC002182AD /* Build configuration list for PBXNativeTarget "CustomRowUITests" */ = {
			isa = XCConfigurationList;
			buildConfigurations = (
				04F5D0DC2D1149FC002182AD /* Debug */,
				04F5D0DD2D1149FC002182AD /* Release */,
			);
			defaultConfigurationIsVisible = 0;
			defaultConfigurationName = Release;
		};
/* End XCConfigurationList section */
	};
	rootObject = 04F5D0A92D1149FA002182AD /* Project object */;
}
